{
  "object": {
    "pins": [
      {
        "package": "NetTime",
        "repositoryURL": "https://github.com/dduan/NetTime",
        "state": {
          "branch": null,
          "revision": "1c3fddf304a96add27dc69f926df18c07783d699",
          "version": "0.1.0"
        }
      }
    ]
  },
  "version": 1
}
