{
  "object": {
    "pins": [
      {
        "package": "NetTime",
        "repositoryURL": "https://github.com/dduan/NetTime",
        "state": {
          "branch": null,
          "revision": "0b242344ea78e5f9b3eef50ddb9695f580a6d772",
          "version": "0.2.3"
        }
      }
    ]
  },
  "version": 1
}
